
Microsoft Visual Studio Solution File, Format Version 12.00
# Visual Studio 14
VisualStudioVersion = 14.0.24720.0
MinimumVisualStudioVersion = 10.0.40219.1
Project("{FAE04EC0-301F-11D3-BF4B-00C04F79EFBC}") = "CIK.Movies", "CIK.Movies\CIK.Movies.csproj", "{C34D7CD5-E722-41A0-A92C-6E1A524983F2}"
EndProject
Project("{FAE04EC0-301F-11D3-BF4B-00C04F79EFBC}") = "CIK.Movies.Core", "CIK.Movies.Core\CIK.Movies.Core.csproj", "{1CED751A-1D66-49E4-B24A-1809A8BEB590}"
EndProject
Project("{FAE04EC0-301F-11D3-BF4B-00C04F79EFBC}") = "CIK.Movies.Core.Tests", "CIK.Movies.Core.Tests\CIK.Movies.Core.Tests.csproj", "{1000FC20-8D6E-4727-8061-2D9FBCDA7B9E}"
EndProject
Project("{FAE04EC0-301F-11D3-BF4B-00C04F79EFBC}") = "CIK.Movies.API", "CIK.Movies.API\CIK.Movies.API.csproj", "{ADC5EE16-62D4-4B40-BD36-6FC4DE42D5DB}"
EndProject
Project("{FAE04EC0-301F-11D3-BF4B-00C04F79EFBC}") = "CIK.Movies.Web", "CIK.Movies.Web\CIK.Movies.Web.csproj", "{488DE9FB-11FF-44BB-8BE6-4D048D07A240}"
EndProject
Project("{FAE04EC0-301F-11D3-BF4B-00C04F79EFBC}") = "CIK.Movies.API.Tests", "CIK.Movies.API.Tests\CIK.Movies.API.Tests.csproj", "{1A1A39C7-BE9C-4D40-874B-3F6041001798}"
EndProject
Project("{FAE04EC0-301F-11D3-BF4B-00C04F79EFBC}") = "CIK.Movies.Web.Tests", "CIK.Movies.Web.Tests\CIK.Movies.Web.Tests.csproj", "{B935D54B-A482-4662-AF21-3EF18981D4C5}"
EndProject
Global
	GlobalSection(SolutionConfigurationPlatforms) = preSolution
		Debug|Any CPU = Debug|Any CPU
		Release|Any CPU = Release|Any CPU
	EndGlobalSection
	GlobalSection(ProjectConfigurationPlatforms) = postSolution
		{C34D7CD5-E722-41A0-A92C-6E1A524983F2}.Debug|Any CPU.ActiveCfg = Debug|Any CPU
		{C34D7CD5-E722-41A0-A92C-6E1A524983F2}.Debug|Any CPU.Build.0 = Debug|Any CPU
		{C34D7CD5-E722-41A0-A92C-6E1A524983F2}.Release|Any CPU.ActiveCfg = Release|Any CPU
		{C34D7CD5-E722-41A0-A92C-6E1A524983F2}.Release|Any CPU.Build.0 = Release|Any CPU
		{1CED751A-1D66-49E4-B24A-1809A8BEB590}.Debug|Any CPU.ActiveCfg = Debug|Any CPU
		{1CED751A-1D66-49E4-B24A-1809A8BEB590}.Debug|Any CPU.Build.0 = Debug|Any CPU
		{1CED751A-1D66-49E4-B24A-1809A8BEB590}.Release|Any CPU.ActiveCfg = Release|Any CPU
		{1CED751A-1D66-49E4-B24A-1809A8BEB590}.Release|Any CPU.Build.0 = Release|Any CPU
		{1000FC20-8D6E-4727-8061-2D9FBCDA7B9E}.Debug|Any CPU.ActiveCfg = Debug|Any CPU
		{1000FC20-8D6E-4727-8061-2D9FBCDA7B9E}.Debug|Any CPU.Build.0 = Debug|Any CPU
		{1000FC20-8D6E-4727-8061-2D9FBCDA7B9E}.Release|Any CPU.ActiveCfg = Release|Any CPU
		{1000FC20-8D6E-4727-8061-2D9FBCDA7B9E}.Release|Any CPU.Build.0 = Release|Any CPU
		{ADC5EE16-62D4-4B40-BD36-6FC4DE42D5DB}.Debug|Any CPU.ActiveCfg = Debug|Any CPU
		{ADC5EE16-62D4-4B40-BD36-6FC4DE42D5DB}.Debug|Any CPU.Build.0 = Debug|Any CPU
		{ADC5EE16-62D4-4B40-BD36-6FC4DE42D5DB}.Release|Any CPU.ActiveCfg = Release|Any CPU
		{ADC5EE16-62D4-4B40-BD36-6FC4DE42D5DB}.Release|Any CPU.Build.0 = Release|Any CPU
		{488DE9FB-11FF-44BB-8BE6-4D048D07A240}.Debug|Any CPU.ActiveCfg = Debug|Any CPU
		{488DE9FB-11FF-44BB-8BE6-4D048D07A240}.Debug|Any CPU.Build.0 = Debug|Any CPU
		{488DE9FB-11FF-44BB-8BE6-4D048D07A240}.Release|Any CPU.ActiveCfg = Release|Any CPU
		{488DE9FB-11FF-44BB-8BE6-4D048D07A240}.Release|Any CPU.Build.0 = Release|Any CPU
		{1A1A39C7-BE9C-4D40-874B-3F6041001798}.Debug|Any CPU.ActiveCfg = Debug|Any CPU
		{1A1A39C7-BE9C-4D40-874B-3F6041001798}.Debug|Any CPU.Build.0 = Debug|Any CPU
		{1A1A39C7-BE9C-4D40-874B-3F6041001798}.Release|Any CPU.ActiveCfg = Release|Any CPU
		{1A1A39C7-BE9C-4D40-874B-3F6041001798}.Release|Any CPU.Build.0 = Release|Any CPU
		{B935D54B-A482-4662-AF21-3EF18981D4C5}.Debug|Any CPU.ActiveCfg = Debug|Any CPU
		{B935D54B-A482-4662-AF21-3EF18981D4C5}.Debug|Any CPU.Build.0 = Debug|Any CPU
		{B935D54B-A482-4662-AF21-3EF18981D4C5}.Release|Any CPU.ActiveCfg = Release|Any CPU
		{B935D54B-A482-4662-AF21-3EF18981D4C5}.Release|Any CPU.Build.0 = Release|Any CPU
	EndGlobalSection
	GlobalSection(SolutionProperties) = preSolution
		HideSolutionNode = FALSE
	EndGlobalSection
EndGlobal
